
Microsoft Visual Studio Solution File, Format Version 12.00
# Visual Studio Version 17
VisualStudioVersion = 17.5.002.0
MinimumVisualStudioVersion = 10.0.40219.1
Project("{9A19103F-16F7-4668-BE54-9A1E7A4F7556}") = "task1", "task1\task1.csproj", "{4FA57C2F-5ED1-408B-B2FC-72DD22C1A13F}"
EndProject
Project("{9A19103F-16F7-4668-BE54-9A1E7A4F7556}") = "task2", "task2\task2.csproj", "{5FAA8452-D385-4D13-A028-1D6D9A9455A9}"
EndProject
Project("{9A19103F-16F7-4668-BE54-9A1E7A4F7556}") = "task3", "task3\task3.csproj", "{35EBFB34-1821-46FC-85F3-09DA3C4CD393}"
EndProject
Global
	GlobalSection(SolutionConfigurationPlatforms) = preSolution
		Debug|Any CPU = Debug|Any CPU
		Release|Any CPU = Release|Any CPU
	EndGlobalSection
	GlobalSection(ProjectConfigurationPlatforms) = postSolution
		{4FA57C2F-5ED1-408B-B2FC-72DD22C1A13F}.Debug|Any CPU.ActiveCfg = Debug|Any CPU
		{4FA57C2F-5ED1-408B-B2FC-72DD22C1A13F}.Debug|Any CPU.Build.0 = Debug|Any CPU
		{4FA57C2F-5ED1-408B-B2FC-72DD22C1A13F}.Release|Any CPU.ActiveCfg = Release|Any CPU
		{4FA57C2F-5ED1-408B-B2FC-72DD22C1A13F}.Release|Any CPU.Build.0 = Release|Any CPU
		{5FAA8452-D385-4D13-A028-1D6D9A9455A9}.Debug|Any CPU.ActiveCfg = Debug|Any CPU
		{5FAA8452-D385-4D13-A028-1D6D9A9455A9}.Debug|Any CPU.Build.0 = Debug|Any CPU
		{5FAA8452-D385-4D13-A028-1D6D9A9455A9}.Release|Any CPU.ActiveCfg = Release|Any CPU
		{5FAA8452-D385-4D13-A028-1D6D9A9455A9}.Release|Any CPU.Build.0 = Release|Any CPU
		{35EBFB34-1821-46FC-85F3-09DA3C4CD393}.Debug|Any CPU.ActiveCfg = Debug|Any CPU
		{35EBFB34-1821-46FC-85F3-09DA3C4CD393}.Debug|Any CPU.Build.0 = Debug|Any CPU
		{35EBFB34-1821-46FC-85F3-09DA3C4CD393}.Release|Any CPU.ActiveCfg = Release|Any CPU
		{35EBFB34-1821-46FC-85F3-09DA3C4CD393}.Release|Any CPU.Build.0 = Release|Any CPU
	EndGlobalSection
	GlobalSection(SolutionProperties) = preSolution
		HideSolutionNode = FALSE
	EndGlobalSection
	GlobalSection(ExtensibilityGlobals) = postSolution
		SolutionGuid = {286FB847-5BB2-4880-9AC1-001DE67AB79C}
	EndGlobalSection
EndGlobal
